
Microsoft Visual Studio Solution File, Format Version 12.00
# Visual Studio Version 17
VisualStudioVersion = 17.1.32319.34
MinimumVisualStudioVersion = 10.0.40219.1
Project("{FAE04EC0-301F-11D3-BF4B-00C04F79EFBC}") = "CallingProgram", "CallingProgram\CallingProgram.csproj", "{5B7C7B99-B39B-497E-BDD6-67AD73BC4B73}"
EndProject
Global
	GlobalSection(SolutionConfigurationPlatforms) = preSolution
		Debug|Any CPU = Debug|Any CPU
		Release|Any CPU = Release|Any CPU
	EndGlobalSection
	GlobalSection(ProjectConfigurationPlatforms) = postSolution
		{5B7C7B99-B39B-497E-BDD6-67AD73BC4B73}.Debug|Any CPU.ActiveCfg = Debug|Any CPU
		{5B7C7B99-B39B-497E-BDD6-67AD73BC4B73}.Debug|Any CPU.Build.0 = Debug|Any CPU
		{5B7C7B99-B39B-497E-BDD6-67AD73BC4B73}.Release|Any CPU.ActiveCfg = Release|Any CPU
		{5B7C7B99-B39B-497E-BDD6-67AD73BC4B73}.Release|Any CPU.Build.0 = Release|Any CPU
	EndGlobalSection
	GlobalSection(SolutionProperties) = preSolution
		HideSolutionNode = FALSE
	EndGlobalSection
	GlobalSection(ExtensibilityGlobals) = postSolution
		SolutionGuid = {DFB7370A-9D9D-4D09-B872-052C9EF8466A}
	EndGlobalSection
EndGlobal
